
Microsoft Visual Studio Solution File, Format Version 12.00
# Visual Studio Version 17
VisualStudioVersion = 17.6.33815.320
MinimumVisualStudioVersion = 10.0.40219.1
Project("{FAE04EC0-301F-11D3-BF4B-00C04F79EFBC}") = "ImageUpload", "ImageUpload\ImageUpload.csproj", "{E956D928-878A-4D23-B4F4-801F67C09AA1}"
EndProject
Global
	GlobalSection(SolutionConfigurationPlatforms) = preSolution
		Debug|Any CPU = Debug|Any CPU
		Release|Any CPU = Release|Any CPU
	EndGlobalSection
	GlobalSection(ProjectConfigurationPlatforms) = postSolution
		{E956D928-878A-4D23-B4F4-801F67C09AA1}.Debug|Any CPU.ActiveCfg = Debug|Any CPU
		{E956D928-878A-4D23-B4F4-801F67C09AA1}.Debug|Any CPU.Build.0 = Debug|Any CPU
		{E956D928-878A-4D23-B4F4-801F67C09AA1}.Release|Any CPU.ActiveCfg = Release|Any CPU
		{E956D928-878A-4D23-B4F4-801F67C09AA1}.Release|Any CPU.Build.0 = Release|Any CPU
	EndGlobalSection
	GlobalSection(SolutionProperties) = preSolution
		HideSolutionNode = FALSE
	EndGlobalSection
	GlobalSection(ExtensibilityGlobals) = postSolution
		SolutionGuid = {3B2CBE0A-E5B6-42FC-B0FB-11CBA4AF6268}
	EndGlobalSection
EndGlobal
